// !$*UTF8*$!
{
	archiveVersion = 1;
	classes = {
	};
	objectVersion = 56;
	objects = {

/* Begin PBXBuildFile section */
		B8B7F97198AD9D4AE1A8E2E0 /* Pods_Bamin_tutorial.framework in Frameworks */ = {isa = PBXBuildFile; fileRef = C7801985682C4DA91F4BF815 /* Pods_Bamin_tutorial.framework */; };
		CB097BE7294B19AA005CB004 /* AppDelegate.swift in Sources */ = {isa = PBXBuildFile; fileRef = CB097BE6294B19AA005CB004 /* AppDelegate.swift */; };
		CB097BE9294B19AA005CB004 /* SceneDelegate.swift in Sources */ = {isa = PBXBuildFile; fileRef = CB097BE8294B19AA005CB004 /* SceneDelegate.swift */; };
		CB097BEB294B19AA005CB004 /* ViewController.swift in Sources */ = {isa = PBXBuildFile; fileRef = CB097BEA294B19AA005CB004 /* ViewController.swift */; };
		CB097BEE294B19AA005CB004 /* Main.storyboard in Resources */ = {isa = PBXBuildFile; fileRef = CB097BEC294B19AA005CB004 /* Main.storyboard */; };
		CB097BF0294B19AC005CB004 /* Assets.xcassets in Resources */ = {isa = PBXBuildFile; fileRef = CB097BEF294B19AC005CB004 /* Assets.xcassets */; };
		CB097BF3294B19AC005CB004 /* LaunchScreen.storyboard in Resources */ = {isa = PBXBuildFile; fileRef = CB097BF1294B19AC005CB004 /* LaunchScreen.storyboard */; };
		CB9DD5692954A6BA00527F82 /* deliver1ViewController.swift in Sources */ = {isa = PBXBuildFile; fileRef = CB9DD5682954A6BA00527F82 /* deliver1ViewController.swift */; };
/* End PBXBuildFile section */

/* Begin PBXFileReference section */
		5598A94CB29734E3490AD365 /* Pods-Bamin_tutorial.release.xcconfig */ = {isa = PBXFileReference; includeInIndex = 1; lastKnownFileType = text.xcconfig; name = "Pods-Bamin_tutorial.release.xcconfig"; path = "Target Support Files/Pods-Bamin_tutorial/Pods-Bamin_tutorial.release.xcconfig"; sourceTree = "<group>"; };
		C7801985682C4DA91F4BF815 /* Pods_Bamin_tutorial.framework */ = {isa = PBXFileReference; explicitFileType = wrapper.framework; includeInIndex = 0; path = Pods_Bamin_tutorial.framework; sourceTree = BUILT_PRODUCTS_DIR; };
		CB097BE3294B19AA005CB004 /* Bamin_tutorial.app */ = {isa = PBXFileReference; explicitFileType = wrapper.application; includeInIndex = 0; path = Bamin_tutorial.app; sourceTree = BUILT_PRODUCTS_DIR; };
		CB097BE6294B19AA005CB004 /* AppDelegate.swift */ = {isa = PBXFileReference; lastKnownFileType = sourcecode.swift; path = AppDelegate.swift; sourceTree = "<group>"; };
		CB097BE8294B19AA005CB004 /* SceneDelegate.swift */ = {isa = PBXFileReference; lastKnownFileType = sourcecode.swift; path = SceneDelegate.swift; sourceTree = "<group>"; };
		CB097BEA294B19AA005CB004 /* ViewController.swift */ = {isa = PBXFileReference; lastKnownFileType = sourcecode.swift; path = ViewController.swift; sourceTree = "<group>"; };
		CB097BED294B19AA005CB004 /* Base */ = {isa = PBXFileReference; lastKnownFileType = file.storyboard; name = Base; path = Base.lproj/Main.storyboard; sourceTree = "<group>"; };
		CB097BEF294B19AC005CB004 /* Assets.xcassets */ = {isa = PBXFileReference; lastKnownFileType = folder.assetcatalog; path = Assets.xcassets; sourceTree = "<group>"; };
		CB097BF2294B19AC005CB004 /* Base */ = {isa = PBXFileReference; lastKnownFileType = file.storyboard; name = Base; path = Base.lproj/LaunchScreen.storyboard; sourceTree = "<group>"; };
		CB097BF4294B19AC005CB004 /* Info.plist */ = {isa = PBXFileReference; lastKnownFileType = text.plist.xml; path = Info.plist; sourceTree = "<group>"; };
		CB9DD5682954A6BA00527F82 /* deliver1ViewController.swift */ = {isa = PBXFileReference; lastKnownFileType = sourcecode.swift; path = deliver1ViewController.swift; sourceTree = "<group>"; };
		D053161C473DA3B4D42C4F3D /* Pods-Bamin_tutorial.debug.xcconfig */ = {isa = PBXFileReference; includeInIndex = 1; lastKnownFileType = text.xcconfig; name = "Pods-Bamin_tutorial.debug.xcconfig"; path = "Target Support Files/Pods-Bamin_tutorial/Pods-Bamin_tutorial.debug.xcconfig"; sourceTree = "<group>"; };
/* End PBXFileReference section */

/* Begin PBXFrameworksBuildPhase section */
		CB097BE0294B19AA005CB004 /* Frameworks */ = {
			isa = PBXFrameworksBuildPhase;
			buildActionMask = 2147483647;
			files = (
				B8B7F97198AD9D4AE1A8E2E0 /* Pods_Bamin_tutorial.framework in Frameworks */,
			);
			runOnlyForDeploymentPostprocessing = 0;
		};
/* End PBXFrameworksBuildPhase section */

/* Begin PBXGroup section */
		BBDA3153CBACA92F2A00108F /* Frameworks */ = {
			isa = PBXGroup;
			children = (
				C7801985682C4DA91F4BF815 /* Pods_Bamin_tutorial.framework */,
			);
			name = Frameworks;
			sourceTree = "<group>";
		};
		CB097BDA294B19AA005CB004 = {
			isa = PBXGroup;
			children = (
				CB097BE5294B19AA005CB004 /* Bamin_tutorial */,
				CB097BE4294B19AA005CB004 /* Products */,
				D31B137001BF8867D9BFFDBA /* Pods */,
				BBDA3153CBACA92F2A00108F /* Frameworks */,
			);
			sourceTree = "<group>";
		};
		CB097BE4294B19AA005CB004 /* Products */ = {
			isa = PBXGroup;
			children = (
				CB097BE3294B19AA005CB004 /* Bamin_tutorial.app */,
			);
			name = Products;
			sourceTree = "<group>";
		};
		CB097BE5294B19AA005CB004 /* Bamin_tutorial */ = {
			isa = PBXGroup;
			children = (
				CB097BE6294B19AA005CB004 /* AppDelegate.swift */,
				CB097BE8294B19AA005CB004 /* SceneDelegate.swift */,
				CB097BEA294B19AA005CB004 /* ViewController.swift */,
				CB9DD5682954A6BA00527F82 /* deliver1ViewController.swift */,
				CB097BEC294B19AA005CB004 /* Main.storyboard */,
				CB097BEF294B19AC005CB004 /* Assets.xcassets */,
				CB097BF1294B19AC005CB004 /* LaunchScreen.storyboard */,
				CB097BF4294B19AC005CB004 /* Info.plist */,
			);
			path = Bamin_tutorial;
			sourceTree = "<group>";
		};
		D31B137001BF8867D9BFFDBA /* Pods */ = {
			isa = PBXGroup;
			children = (
				D053161C473DA3B4D42C4F3D /* Pods-Bamin_tutorial.debug.xcconfig */,
				5598A94CB29734E3490AD365 /* Pods-Bamin_tutorial.release.xcconfig */,
			);
			path = Pods;
			sourceTree = "<group>";
		};
/* End PBXGroup section */

/* Begin PBXNativeTarget section */
		CB097BE2294B19AA005CB004 /* Bamin_tutorial */ = {
			isa = PBXNativeTarget;
			buildConfigurationList = CB097BF7294B19AC005CB004 /* Build configuration list for PBXNativeTarget "Bamin_tutorial" */;
			buildPhases = (
				FEF55B5A7AD35ECDDC6105A4 /* [CP] Check Pods Manifest.lock */,
				CB097BDF294B19AA005CB004 /* Sources */,
				CB097BE0294B19AA005CB004 /* Frameworks */,
				CB097BE1294B19AA005CB004 /* Resources */,
				02F1AF4E5D468144A5AFCC7C /* [CP] Embed Pods Frameworks */,
			);
			buildRules = (
			);
			dependencies = (
			);
			name = Bamin_tutorial;
			productName = Bamin_tutorial;
			productReference = CB097BE3294B19AA005CB004 /* Bamin_tutorial.app */;
			productType = "com.apple.product-type.application";
		};
/* End PBXNativeTarget section */

/* Begin PBXProject section */
		CB097BDB294B19AA005CB004 /* Project object */ = {
			isa = PBXProject;
			attributes = {
				BuildIndependentTargetsInParallel = 1;
				LastSwiftUpdateCheck = 1410;
				LastUpgradeCheck = 1410;
				TargetAttributes = {
					CB097BE2294B19AA005CB004 = {
						CreatedOnToolsVersion = 14.1;
					};
				};
			};
			buildConfigurationList = CB097BDE294B19AA005CB004 /* Build configuration list for PBXProject "Bamin_tutorial" */;
			compatibilityVersion = "Xcode 14.0";
			developmentRegion = en;
			hasScannedForEncodings = 0;
			knownRegions = (
				en,
				Base,
			);
			mainGroup = CB097BDA294B19AA005CB004;
			productRefGroup = CB097BE4294B19AA005CB004 /* Products */;
			projectDirPath = "";
			projectRoot = "";
			targets = (
				CB097BE2294B19AA005CB004 /* Bamin_tutorial */,
			);
		};
/* End PBXProject section */

/* Begin PBXResourcesBuildPhase section */
		CB097BE1294B19AA005CB004 /* Resources */ = {
			isa = PBXResourcesBuildPhase;
			buildActionMask = 2147483647;
			files = (
				CB097BF3294B19AC005CB004 /* LaunchScreen.storyboard in Resources */,
				CB097BF0294B19AC005CB004 /* Assets.xcassets in Resources */,
				CB097BEE294B19AA005CB004 /* Main.storyboard in Resources */,
			);
			runOnlyForDeploymentPostprocessing = 0;
		};
/* End PBXResourcesBuildPhase section */

/* Begin PBXShellScriptBuildPhase section */
		02F1AF4E5D468144A5AFCC7C /* [CP] Embed Pods Frameworks */ = {
			isa = PBXShellScriptBuildPhase;
			buildActionMask = 2147483647;
			files = (
			);
			inputFileListPaths = (
				"${PODS_ROOT}/Target Support Files/Pods-Bamin_tutorial/Pods-Bamin_tutorial-frameworks-${CONFIGURATION}-input-files.xcfilelist",
			);
			name = "[CP] Embed Pods Frameworks";
			outputFileListPaths = (
				"${PODS_ROOT}/Target Support Files/Pods-Bamin_tutorial/Pods-Bamin_tutorial-frameworks-${CONFIGURATION}-output-files.xcfilelist",
			);
			runOnlyForDeploymentPostprocessing = 0;
			shellPath = /bin/sh;
			shellScript = "\"${PODS_ROOT}/Target Support Files/Pods-Bamin_tutorial/Pods-Bamin_tutorial-frameworks.sh\"\n";
			showEnvVarsInLog = 0;
		};
		FEF55B5A7AD35ECDDC6105A4 /* [CP] Check Pods Manifest.lock */ = {
			isa = PBXShellScriptBuildPhase;
			buildActionMask = 2147483647;
			files = (
			);
			inputFileListPaths = (
			);
			inputPaths = (
				"${PODS_PODFILE_DIR_PATH}/Podfile.lock",
				"${PODS_ROOT}/Manifest.lock",
			);
			name = "[CP] Check Pods Manifest.lock";
			outputFileListPaths = (
			);
			outputPaths = (
				"$(DERIVED_FILE_DIR)/Pods-Bamin_tutorial-checkManifestLockResult.txt",
			);
			runOnlyForDeploymentPostprocessing = 0;
			shellPath = /bin/sh;
			shellScript = "diff \"${PODS_PODFILE_DIR_PATH}/Podfile.lock\" \"${PODS_ROOT}/Manifest.lock\" > /dev/null\nif [ $? != 0 ] ; then\n    # print error to STDERR\n    echo \"error: The sandbox is not in sync with the Podfile.lock. Run 'pod install' or update your CocoaPods installation.\" >&2\n    exit 1\nfi\n# This output is used by Xcode 'outputs' to avoid re-running this script phase.\necho \"SUCCESS\" > \"${SCRIPT_OUTPUT_FILE_0}\"\n";
			showEnvVarsInLog = 0;
		};
/* End PBXShellScriptBuildPhase section */

/* Begin PBXSourcesBuildPhase section */
		CB097BDF294B19AA005CB004 /* Sources */ = {
			isa = PBXSourcesBuildPhase;
			buildActionMask = 2147483647;
			files = (
				CB097BEB294B19AA005CB004 /* ViewController.swift in Sources */,
				CB097BE7294B19AA005CB004 /* AppDelegate.swift in Sources */,
				CB9DD5692954A6BA00527F82 /* deliver1ViewController.swift in Sources */,
				CB097BE9294B19AA005CB004 /* SceneDelegate.swift in Sources */,
			);
			runOnlyForDeploymentPostprocessing = 0;
		};
/* End PBXSourcesBuildPhase section */

/* Begin PBXVariantGroup section */
		CB097BEC294B19AA005CB004 /* Main.storyboard */ = {
			isa = PBXVariantGroup;
			children = (
				CB097BED294B19AA005CB004 /* Base */,
			);
			name = Main.storyboard;
			sourceTree = "<group>";
		};
		CB097BF1294B19AC005CB004 /* LaunchScreen.storyboard */ = {
			isa = PBXVariantGroup;
			children = (
				CB097BF2294B19AC005CB004 /* Base */,
			);
			name = LaunchScreen.storyboard;
			sourceTree = "<group>";
		};
/* End PBXVariantGroup section */

/* Begin XCBuildConfiguration section */
		CB097BF5294B19AC005CB004 /* Debug */ = {
			isa = XCBuildConfiguration;
			buildSettings = {
				ALWAYS_SEARCH_USER_PATHS = NO;
				CLANG_ANALYZER_NONNULL = YES;
				CLANG_ANALYZER_NUMBER_OBJECT_CONVERSION = YES_AGGRESSIVE;
				CLANG_CXX_LANGUAGE_STANDARD = "gnu++20";
				CLANG_ENABLE_MODULES = YES;
				CLANG_ENABLE_OBJC_ARC = YES;
				CLANG_ENABLE_OBJC_WEAK = YES;
				CLANG_WARN_BLOCK_CAPTURE_AUTORELEASING = YES;
				CLANG_WARN_BOOL_CONVERSION = YES;
				CLANG_WARN_COMMA = YES;
				CLANG_WARN_CONSTANT_CONVERSION = YES;
				CLANG_WARN_DEPRECATED_OBJC_IMPLEMENTATIONS = YES;
				CLANG_WARN_DIRECT_OBJC_ISA_USAGE = YES_ERROR;
				CLANG_WARN_DOCUMENTATION_COMMENTS = YES;
				CLANG_WARN_EMPTY_BODY = YES;
				CLANG_WARN_ENUM_CONVERSION = YES;
				CLANG_WARN_INFINITE_RECURSION = YES;
				CLANG_WARN_INT_CONVERSION = YES;
				CLANG_WARN_NON_LITERAL_NULL_CONVERSION = YES;
				CLANG_WARN_OBJC_IMPLICIT_RETAIN_SELF = YES;
				CLANG_WARN_OBJC_LITERAL_CONVERSION = YES;
				CLANG_WARN_OBJC_ROOT_CLASS = YES_ERROR;
				CLANG_WARN_QUOTED_INCLUDE_IN_FRAMEWORK_HEADER = YES;
				CLANG_WARN_RANGE_LOOP_ANALYSIS = YES;
				CLANG_WARN_STRICT_PROTOTYPES = YES;
				CLANG_WARN_SUSPICIOUS_MOVE = YES;
				CLANG_WARN_UNGUARDED_AVAILABILITY = YES_AGGRESSIVE;
				CLANG_WARN_UNREACHABLE_CODE = YES;
				CLANG_WARN__DUPLICATE_METHOD_MATCH = YES;
				COPY_PHASE_STRIP = NO;
				DEBUG_INFORMATION_FORMAT = dwarf;
				ENABLE_STRICT_OBJC_MSGSEND = YES;
				ENABLE_TESTABILITY = YES;
				GCC_C_LANGUAGE_STANDARD = gnu11;
				GCC_DYNAMIC_NO_PIC = NO;
				GCC_NO_COMMON_BLOCKS = YES;
				GCC_OPTIMIZATION_LEVEL = 0;
				GCC_PREPROCESSOR_DEFINITIONS = (
					"DEBUG=1",
					"$(inherited)",
				);
				GCC_WARN_64_TO_32_BIT_CONVERSION = YES;
				GCC_WARN_ABOUT_RETURN_TYPE = YES_ERROR;
				GCC_WARN_UNDECLARED_SELECTOR = YES;
				GCC_WARN_UNINITIALIZED_AUTOS = YES_AGGRESSIVE;
				GCC_WARN_UNUSED_FUNCTION = YES;
				GCC_WARN_UNUSED_VARIABLE = YES;
				IPHONEOS_DEPLOYMENT_TARGET = 16.1;
				MTL_ENABLE_DEBUG_INFO = INCLUDE_SOURCE;
				MTL_FAST_MATH = YES;
				ONLY_ACTIVE_ARCH = YES;
				SDKROOT = iphoneos;
				SWIFT_ACTIVE_COMPILATION_CONDITIONS = DEBUG;
				SWIFT_OPTIMIZATION_LEVEL = "-Onone";
			};
			name = Debug;
		};
		CB097BF6294B19AC005CB004 /* Release */ = {
			isa = XCBuildConfiguration;
			buildSettings = {
				ALWAYS_SEARCH_USER_PATHS = NO;
				CLANG_ANALYZER_NONNULL = YES;
				CLANG_ANALYZER_NUMBER_OBJECT_CONVERSION = YES_AGGRESSIVE;
				CLANG_CXX_LANGUAGE_STANDARD = "gnu++20";
				CLANG_ENABLE_MODULES = YES;
				CLANG_ENABLE_OBJC_ARC = YES;
				CLANG_ENABLE_OBJC_WEAK = YES;
				CLANG_WARN_BLOCK_CAPTURE_AUTORELEASING = YES;
				CLANG_WARN_BOOL_CONVERSION = YES;
				CLANG_WARN_COMMA = YES;
				CLANG_WARN_CONSTANT_CONVERSION = YES;
				CLANG_WARN_DEPRECATED_OBJC_IMPLEMENTATIONS = YES;
				CLANG_WARN_DIRECT_OBJC_ISA_USAGE = YES_ERROR;
				CLANG_WARN_DOCUMENTATION_COMMENTS = YES;
				CLANG_WARN_EMPTY_BODY = YES;
				CLANG_WARN_ENUM_CONVERSION = YES;
				CLANG_WARN_INFINITE_RECURSION = YES;
				CLANG_WARN_INT_CONVERSION = YES;
				CLANG_WARN_NON_LITERAL_NULL_CONVERSION = YES;
				CLANG_WARN_OBJC_IMPLICIT_RETAIN_SELF = YES;
				CLANG_WARN_OBJC_LITERAL_CONVERSION = YES;
				CLANG_WARN_OBJC_ROOT_CLASS = YES_ERROR;
				CLANG_WARN_QUOTED_INCLUDE_IN_FRAMEWORK_HEADER = YES;
				CLANG_WARN_RANGE_LOOP_ANALYSIS = YES;
				CLANG_WARN_STRICT_PROTOTYPES = YES;
				CLANG_WARN_SUSPICIOUS_MOVE = YES;
				CLANG_WARN_UNGUARDED_AVAILABILITY = YES_AGGRESSIVE;
				CLANG_WARN_UNREACHABLE_CODE = YES;
				CLANG_WARN__DUPLICATE_METHOD_MATCH = YES;
				COPY_PHASE_STRIP = NO;
				DEBUG_INFORMATION_FORMAT = "dwarf-with-dsym";
				ENABLE_NS_ASSERTIONS = NO;
				ENABLE_STRICT_OBJC_MSGSEND = YES;
				GCC_C_LANGUAGE_STANDARD = gnu11;
				GCC_NO_COMMON_BLOCKS = YES;
				GCC_WARN_64_TO_32_BIT_CONVERSION = YES;
				GCC_WARN_ABOUT_RETURN_TYPE = YES_ERROR;
				GCC_WARN_UNDECLARED_SELECTOR = YES;
				GCC_WARN_UNINITIALIZED_AUTOS = YES_AGGRESSIVE;
				GCC_WARN_UNUSED_FUNCTION = YES;
				GCC_WARN_UNUSED_VARIABLE = YES;
				IPHONEOS_DEPLOYMENT_TARGET = 16.1;
				MTL_ENABLE_DEBUG_INFO = NO;
				MTL_FAST_MATH = YES;
				SDKROOT = iphoneos;
				SWIFT_COMPILATION_MODE = wholemodule;
				SWIFT_OPTIMIZATION_LEVEL = "-O";
				VALIDATE_PRODUCT = YES;
			};
			name = Release;
		};
		CB097BF8294B19AC005CB004 /* Debug */ = {
			isa = XCBuildConfiguration;
			baseConfigurationReference = D053161C473DA3B4D42C4F3D /* Pods-Bamin_tutorial.debug.xcconfig */;
			buildSettings = {
				ASSETCATALOG_COMPILER_APPICON_NAME = AppIcon;
				ASSETCATALOG_COMPILER_GLOBAL_ACCENT_COLOR_NAME = AccentColor;
				CODE_SIGN_STYLE = Automatic;
				CURRENT_PROJECT_VERSION = 1;
				GENERATE_INFOPLIST_FILE = YES;
				INFOPLIST_FILE = Bamin_tutorial/Info.plist;
				INFOPLIST_KEY_UIApplicationSupportsIndirectInputEvents = YES;
				INFOPLIST_KEY_UILaunchStoryboardName = LaunchScreen;
				INFOPLIST_KEY_UIMainStoryboardFile = Main;
				INFOPLIST_KEY_UISupportedInterfaceOrientations_iPad = "UIInterfaceOrientationPortrait UIInterfaceOrientationPortraitUpsideDown UIInterfaceOrientationLandscapeLeft UIInterfaceOrientationLandscapeRight";
				INFOPLIST_KEY_UISupportedInterfaceOrientations_iPhone = "UIInterfaceOrientationPortrait UIInterfaceOrientationLandscapeLeft UIInterfaceOrientationLandscapeRight";
				LD_RUNPATH_SEARCH_PATHS = (
					"$(inherited)",
					"@executable_path/Frameworks",
				);
				MARKETING_VERSION = 1.0;
				PRODUCT_BUNDLE_IDENTIFIER = "kr.ac.indck.hyun.Bamin-tutorial";
				PRODUCT_NAME = "$(TARGET_NAME)";
				SWIFT_EMIT_LOC_STRINGS = YES;
				SWIFT_VERSION = 5.0;
				TARGETED_DEVICE_FAMILY = "1,2";
			};
			name = Debug;
		};
		CB097BF9294B19AC005CB004 /* Release */ = {
			isa = XCBuildConfiguration;
			baseConfigurationReference = 5598A94CB29734E3490AD365 /* Pods-Bamin_tutorial.release.xcconfig */;
			buildSettings = {
				ASSETCATALOG_COMPILER_APPICON_NAME = AppIcon;
				ASSETCATALOG_COMPILER_GLOBAL_ACCENT_COLOR_NAME = AccentColor;
				CODE_SIGN_STYLE = Automatic;
				CURRENT_PROJECT_VERSION = 1;
				GENERATE_INFOPLIST_FILE = YES;
				INFOPLIST_FILE = Bamin_tutorial/Info.plist;
				INFOPLIST_KEY_UIApplicationSupportsIndirectInputEvents = YES;
				INFOPLIST_KEY_UILaunchStoryboardName = LaunchScreen;
				INFOPLIST_KEY_UIMainStoryboardFile = Main;
				INFOPLIST_KEY_UISupportedInterfaceOrientations_iPad = "UIInterfaceOrientationPortrait UIInterfaceOrientationPortraitUpsideDown UIInterfaceOrientationLandscapeLeft UIInterfaceOrientationLandscapeRight";
				INFOPLIST_KEY_UISupportedInterfaceOrientations_iPhone = "UIInterfaceOrientationPortrait UIInterfaceOrientationLandscapeLeft UIInterfaceOrientationLandscapeRight";
				LD_RUNPATH_SEARCH_PATHS = (
					"$(inherited)",
					"@executable_path/Frameworks",
				);
				MARKETING_VERSION = 1.0;
				PRODUCT_BUNDLE_IDENTIFIER = "kr.ac.indck.hyun.Bamin-tutorial";
				PRODUCT_NAME = "$(TARGET_NAME)";
				SWIFT_EMIT_LOC_STRINGS = YES;
				SWIFT_VERSION = 5.0;
				TARGETED_DEVICE_FAMILY = "1,2";
			};
			name = Release;
		};
/* End XCBuildConfiguration section */

/* Begin XCConfigurationList section */
		CB097BDE294B19AA005CB004 /* Build configuration list for PBXProject "Bamin_tutorial" */ = {
			isa = XCConfigurationList;
			buildConfigurations = (
				CB097BF5294B19AC005CB004 /* Debug */,
				CB097BF6294B19AC005CB004 /* Release */,
			);
			defaultConfigurationIsVisible = 0;
			defaultConfigurationName = Release;
		};
		CB097BF7294B19AC005CB004 /* Build configuration list for PBXNativeTarget "Bamin_tutorial" */ = {
			isa = XCConfigurationList;
			buildConfigurations = (
				CB097BF8294B19AC005CB004 /* Debug */,
				CB097BF9294B19AC005CB004 /* Release */,
			);
			defaultConfigurationIsVisible = 0;
			defaultConfigurationName = Release;
		};
/* End XCConfigurationList section */
	};
	rootObject = CB097BDB294B19AA005CB004 /* Project object */;
}
